
Microsoft Visual Studio Solution File, Format Version 12.00
# Visual Studio 15
VisualStudioVersion = 15.0.28307.572
MinimumVisualStudioVersion = 10.0.40219.1
Project("{FAE04EC0-301F-11D3-BF4B-00C04F79EFBC}") = "VeraCruise.Android", "VeraCruise\VeraCruise.Android\VeraCruise.Android.csproj", "{EE0B6B11-CA75-474F-AD7E-B952CB4AFA2A}"
EndProject
Project("{FAE04EC0-301F-11D3-BF4B-00C04F79EFBC}") = "VeraCruise.iOS", "VeraCruise\VeraCruise.iOS\VeraCruise.iOS.csproj", "{38F7D2E7-8B9C-4055-A9C0-522A10357F32}"
EndProject
Project("{FAE04EC0-301F-11D3-BF4B-00C04F79EFBC}") = "VeraCruise.UWP", "VeraCruise\VeraCruise.UWP\VeraCruise.UWP.csproj", "{E800EAA6-5D20-46FC-A874-5256910A1993}"
EndProject
Project("{FAE04EC0-301F-11D3-BF4B-00C04F79EFBC}") = "VeraCruise", "VeraCruise\VeraCruise\VeraCruise.csproj", "{C88FA7A2-2EF0-47B6-8C65-FF8298B7FDAB}"
EndProject
Global
	GlobalSection(SolutionConfigurationPlatforms) = preSolution
		Ad-Hoc|Any CPU = Ad-Hoc|Any CPU
		Ad-Hoc|ARM = Ad-Hoc|ARM
		Ad-Hoc|iPhone = Ad-Hoc|iPhone
		Ad-Hoc|iPhoneSimulator = Ad-Hoc|iPhoneSimulator
		Ad-Hoc|x64 = Ad-Hoc|x64
		Ad-Hoc|x86 = Ad-Hoc|x86
		AppStore|Any CPU = AppStore|Any CPU
		AppStore|ARM = AppStore|ARM
		AppStore|iPhone = AppStore|iPhone
		AppStore|iPhoneSimulator = AppStore|iPhoneSimulator
		AppStore|x64 = AppStore|x64
		AppStore|x86 = AppStore|x86
		Debug|Any CPU = Debug|Any CPU
		Debug|ARM = Debug|ARM
		Debug|iPhone = Debug|iPhone
		Debug|iPhoneSimulator = Debug|iPhoneSimulator
		Debug|x64 = Debug|x64
		Debug|x86 = Debug|x86
		Release|Any CPU = Release|Any CPU
		Release|ARM = Release|ARM
		Release|iPhone = Release|iPhone
		Release|iPhoneSimulator = Release|iPhoneSimulator
		Release|x64 = Release|x64
		Release|x86 = Release|x86
	EndGlobalSection
	GlobalSection(ProjectConfigurationPlatforms) = postSolution
		{EE0B6B11-CA75-474F-AD7E-B952CB4AFA2A}.Ad-Hoc|Any CPU.ActiveCfg = Release|Any CPU
		{EE0B6B11-CA75-474F-AD7E-B952CB4AFA2A}.Ad-Hoc|Any CPU.Build.0 = Release|Any CPU
		{EE0B6B11-CA75-474F-AD7E-B952CB4AFA2A}.Ad-Hoc|Any CPU.Deploy.0 = Release|Any CPU
		{EE0B6B11-CA75-474F-AD7E-B952CB4AFA2A}.Ad-Hoc|ARM.ActiveCfg = Release|Any CPU
		{EE0B6B11-CA75-474F-AD7E-B952CB4AFA2A}.Ad-Hoc|ARM.Build.0 = Release|Any CPU
		{EE0B6B11-CA75-474F-AD7E-B952CB4AFA2A}.Ad-Hoc|ARM.Deploy.0 = Release|Any CPU
		{EE0B6B11-CA75-474F-AD7E-B952CB4AFA2A}.Ad-Hoc|iPhone.ActiveCfg = Release|Any CPU
		{EE0B6B11-CA75-474F-AD7E-B952CB4AFA2A}.Ad-Hoc|iPhone.Build.0 = Release|Any CPU
		{EE0B6B11-CA75-474F-AD7E-B952CB4AFA2A}.Ad-Hoc|iPhone.Deploy.0 = Release|Any CPU
		{EE0B6B11-CA75-474F-AD7E-B952CB4AFA2A}.Ad-Hoc|iPhoneSimulator.ActiveCfg = Release|Any CPU
		{EE0B6B11-CA75-474F-AD7E-B952CB4AFA2A}.Ad-Hoc|iPhoneSimulator.Build.0 = Release|Any CPU
		{EE0B6B11-CA75-474F-AD7E-B952CB4AFA2A}.Ad-Hoc|iPhoneSimulator.Deploy.0 = Release|Any CPU
		{EE0B6B11-CA75-474F-AD7E-B952CB4AFA2A}.Ad-Hoc|x64.ActiveCfg = Release|Any CPU
		{EE0B6B11-CA75-474F-AD7E-B952CB4AFA2A}.Ad-Hoc|x64.Build.0 = Release|Any CPU
		{EE0B6B11-CA75-474F-AD7E-B952CB4AFA2A}.Ad-Hoc|x64.Deploy.0 = Release|Any CPU
		{EE0B6B11-CA75-474F-AD7E-B952CB4AFA2A}.Ad-Hoc|x86.ActiveCfg = Release|Any CPU
		{EE0B6B11-CA75-474F-AD7E-B952CB4AFA2A}.Ad-Hoc|x86.Build.0 = Release|Any CPU
		{EE0B6B11-CA75-474F-AD7E-B952CB4AFA2A}.Ad-Hoc|x86.Deploy.0 = Release|Any CPU
		{EE0B6B11-CA75-474F-AD7E-B952CB4AFA2A}.AppStore|Any CPU.ActiveCfg = Release|Any CPU
		{EE0B6B11-CA75-474F-AD7E-B952CB4AFA2A}.AppStore|Any CPU.Build.0 = Release|Any CPU
		{EE0B6B11-CA75-474F-AD7E-B952CB4AFA2A}.AppStore|Any CPU.Deploy.0 = Release|Any CPU
		{EE0B6B11-CA75-474F-AD7E-B952CB4AFA2A}.AppStore|ARM.ActiveCfg = Release|Any CPU
		{EE0B6B11-CA75-474F-AD7E-B952CB4AFA2A}.AppStore|ARM.Build.0 = Release|Any CPU
		{EE0B6B11-CA75-474F-AD7E-B952CB4AFA2A}.AppStore|ARM.Deploy.0 = Release|Any CPU
		{EE0B6B11-CA75-474F-AD7E-B952CB4AFA2A}.AppStore|iPhone.ActiveCfg = Release|Any CPU
		{EE0B6B11-CA75-474F-AD7E-B952CB4AFA2A}.AppStore|iPhone.Build.0 = Release|Any CPU
		{EE0B6B11-CA75-474F-AD7E-B952CB4AFA2A}.AppStore|iPhone.Deploy.0 = Release|Any CPU
		{EE0B6B11-CA75-474F-AD7E-B952CB4AFA2A}.AppStore|iPhoneSimulator.ActiveCfg = Release|Any CPU
		{EE0B6B11-CA75-474F-AD7E-B952CB4AFA2A}.AppStore|iPhoneSimulator.Build.0 = Release|Any CPU
		{EE0B6B11-CA75-474F-AD7E-B952CB4AFA2A}.AppStore|iPhoneSimulator.Deploy.0 = Release|Any CPU
		{EE0B6B11-CA75-474F-AD7E-B952CB4AFA2A}.AppStore|x64.ActiveCfg = Release|Any CPU
		{EE0B6B11-CA75-474F-AD7E-B952CB4AFA2A}.AppStore|x64.Build.0 = Release|Any CPU
		{EE0B6B11-CA75-474F-AD7E-B952CB4AFA2A}.AppStore|x64.Deploy.0 = Release|Any CPU
		{EE0B6B11-CA75-474F-AD7E-B952CB4AFA2A}.AppStore|x86.ActiveCfg = Release|Any CPU
		{EE0B6B11-CA75-474F-AD7E-B952CB4AFA2A}.AppStore|x86.Build.0 = Release|Any CPU
		{EE0B6B11-CA75-474F-AD7E-B952CB4AFA2A}.AppStore|x86.Deploy.0 = Release|Any CPU
		{EE0B6B11-CA75-474F-AD7E-B952CB4AFA2A}.Debug|Any CPU.ActiveCfg = Debug|Any CPU
		{EE0B6B11-CA75-474F-AD7E-B952CB4AFA2A}.Debug|Any CPU.Build.0 = Debug|Any CPU
		{EE0B6B11-CA75-474F-AD7E-B952CB4AFA2A}.Debug|Any CPU.Deploy.0 = Debug|Any CPU
		{EE0B6B11-CA75-474F-AD7E-B952CB4AFA2A}.Debug|ARM.ActiveCfg = Debug|Any CPU
		{EE0B6B11-CA75-474F-AD7E-B952CB4AFA2A}.Debug|ARM.Build.0 = Debug|Any CPU
		{EE0B6B11-CA75-474F-AD7E-B952CB4AFA2A}.Debug|ARM.Deploy.0 = Debug|Any CPU
		{EE0B6B11-CA75-474F-AD7E-B952CB4AFA2A}.Debug|iPhone.ActiveCfg = Debug|Any CPU
		{EE0B6B11-CA75-474F-AD7E-B952CB4AFA2A}.Debug|iPhone.Build.0 = Debug|Any CPU
		{EE0B6B11-CA75-474F-AD7E-B952CB4AFA2A}.Debug|iPhone.Deploy.0 = Debug|Any CPU
		{EE0B6B11-CA75-474F-AD7E-B952CB4AFA2A}.Debug|iPhoneSimulator.ActiveCfg = Debug|Any CPU
		{EE0B6B11-CA75-474F-AD7E-B952CB4AFA2A}.Debug|iPhoneSimulator.Build.0 = Debug|Any CPU
		{EE0B6B11-CA75-474F-AD7E-B952CB4AFA2A}.Debug|iPhoneSimulator.Deploy.0 = Debug|Any CPU
		{EE0B6B11-CA75-474F-AD7E-B952CB4AFA2A}.Debug|x64.ActiveCfg = Debug|Any CPU
		{EE0B6B11-CA75-474F-AD7E-B952CB4AFA2A}.Debug|x64.Build.0 = Debug|Any CPU
		{EE0B6B11-CA75-474F-AD7E-B952CB4AFA2A}.Debug|x64.Deploy.0 = Debug|Any CPU
		{EE0B6B11-CA75-474F-AD7E-B952CB4AFA2A}.Debug|x86.ActiveCfg = Debug|Any CPU
		{EE0B6B11-CA75-474F-AD7E-B952CB4AFA2A}.Debug|x86.Build.0 = Debug|Any CPU
		{EE0B6B11-CA75-474F-AD7E-B952CB4AFA2A}.Debug|x86.Deploy.0 = Debug|Any CPU
		{EE0B6B11-CA75-474F-AD7E-B952CB4AFA2A}.Release|Any CPU.ActiveCfg = Release|Any CPU
		{EE0B6B11-CA75-474F-AD7E-B952CB4AFA2A}.Release|Any CPU.Build.0 = Release|Any CPU
		{EE0B6B11-CA75-474F-AD7E-B952CB4AFA2A}.Release|Any CPU.Deploy.0 = Release|Any CPU
		{EE0B6B11-CA75-474F-AD7E-B952CB4AFA2A}.Release|ARM.ActiveCfg = Release|Any CPU
		{EE0B6B11-CA75-474F-AD7E-B952CB4AFA2A}.Release|ARM.Build.0 = Release|Any CPU
		{EE0B6B11-CA75-474F-AD7E-B952CB4AFA2A}.Release|ARM.Deploy.0 = Release|Any CPU
		{EE0B6B11-CA75-474F-AD7E-B952CB4AFA2A}.Release|iPhone.ActiveCfg = Release|Any CPU
		{EE0B6B11-CA75-474F-AD7E-B952CB4AFA2A}.Release|iPhone.Build.0 = Release|Any CPU
		{EE0B6B11-CA75-474F-AD7E-B952CB4AFA2A}.Release|iPhone.Deploy.0 = Release|Any CPU
		{EE0B6B11-CA75-474F-AD7E-B952CB4AFA2A}.Release|iPhoneSimulator.ActiveCfg = Release|Any CPU
		{EE0B6B11-CA75-474F-AD7E-B952CB4AFA2A}.Release|iPhoneSimulator.Build.0 = Release|Any CPU
		{EE0B6B11-CA75-474F-AD7E-B952CB4AFA2A}.Release|iPhoneSimulator.Deploy.0 = Release|Any CPU
		{EE0B6B11-CA75-474F-AD7E-B952CB4AFA2A}.Release|x64.ActiveCfg = Release|Any CPU
		{EE0B6B11-CA75-474F-AD7E-B952CB4AFA2A}.Release|x64.Build.0 = Release|Any CPU
		{EE0B6B11-CA75-474F-AD7E-B952CB4AFA2A}.Release|x64.Deploy.0 = Release|Any CPU
		{EE0B6B11-CA75-474F-AD7E-B952CB4AFA2A}.Release|x86.ActiveCfg = Release|Any CPU
		{EE0B6B11-CA75-474F-AD7E-B952CB4AFA2A}.Release|x86.Build.0 = Release|Any CPU
		{EE0B6B11-CA75-474F-AD7E-B952CB4AFA2A}.Release|x86.Deploy.0 = Release|Any CPU
		{38F7D2E7-8B9C-4055-A9C0-522A10357F32}.Ad-Hoc|Any CPU.ActiveCfg = Ad-Hoc|iPhone
		{38F7D2E7-8B9C-4055-A9C0-522A10357F32}.Ad-Hoc|Any CPU.Build.0 = Ad-Hoc|iPhone
		{38F7D2E7-8B9C-4055-A9C0-522A10357F32}.Ad-Hoc|Any CPU.Deploy.0 = Ad-Hoc|iPhone
		{38F7D2E7-8B9C-4055-A9C0-522A10357F32}.Ad-Hoc|ARM.ActiveCfg = Ad-Hoc|iPhone
		{38F7D2E7-8B9C-4055-A9C0-522A10357F32}.Ad-Hoc|ARM.Build.0 = Ad-Hoc|iPhone
		{38F7D2E7-8B9C-4055-A9C0-522A10357F32}.Ad-Hoc|ARM.Deploy.0 = Ad-Hoc|iPhone
		{38F7D2E7-8B9C-4055-A9C0-522A10357F32}.Ad-Hoc|iPhone.ActiveCfg = Ad-Hoc|iPhone
		{38F7D2E7-8B9C-4055-A9C0-522A10357F32}.Ad-Hoc|iPhone.Build.0 = Ad-Hoc|iPhone
		{38F7D2E7-8B9C-4055-A9C0-522A10357F32}.Ad-Hoc|iPhone.Deploy.0 = Ad-Hoc|iPhone
		{38F7D2E7-8B9C-4055-A9C0-522A10357F32}.Ad-Hoc|iPhoneSimulator.ActiveCfg = Ad-Hoc|iPhoneSimulator
		{38F7D2E7-8B9C-4055-A9C0-522A10357F32}.Ad-Hoc|iPhoneSimulator.Build.0 = Ad-Hoc|iPhoneSimulator
		{38F7D2E7-8B9C-4055-A9C0-522A10357F32}.Ad-Hoc|iPhoneSimulator.Deploy.0 = Ad-Hoc|iPhoneSimulator
		{38F7D2E7-8B9C-4055-A9C0-522A10357F32}.Ad-Hoc|x64.ActiveCfg = Ad-Hoc|iPhone
		{38F7D2E7-8B9C-4055-A9C0-522A10357F32}.Ad-Hoc|x64.Build.0 = Ad-Hoc|iPhone
		{38F7D2E7-8B9C-4055-A9C0-522A10357F32}.Ad-Hoc|x64.Deploy.0 = Ad-Hoc|iPhone
		{38F7D2E7-8B9C-4055-A9C0-522A10357F32}.Ad-Hoc|x86.ActiveCfg = Ad-Hoc|iPhone
		{38F7D2E7-8B9C-4055-A9C0-522A10357F32}.Ad-Hoc|x86.Build.0 = Ad-Hoc|iPhone
		{38F7D2E7-8B9C-4055-A9C0-522A10357F32}.Ad-Hoc|x86.Deploy.0 = Ad-Hoc|iPhone
		{38F7D2E7-8B9C-4055-A9C0-522A10357F32}.AppStore|Any CPU.ActiveCfg = AppStore|iPhone
		{38F7D2E7-8B9C-4055-A9C0-522A10357F32}.AppStore|Any CPU.Build.0 = AppStore|iPhone
		{38F7D2E7-8B9C-4055-A9C0-522A10357F32}.AppStore|Any CPU.Deploy.0 = AppStore|iPhone
		{38F7D2E7-8B9C-4055-A9C0-522A10357F32}.AppStore|ARM.ActiveCfg = AppStore|iPhone
		{38F7D2E7-8B9C-4055-A9C0-522A10357F32}.AppStore|ARM.Build.0 = AppStore|iPhone
		{38F7D2E7-8B9C-4055-A9C0-522A10357F32}.AppStore|ARM.Deploy.0 = AppStore|iPhone
		{38F7D2E7-8B9C-4055-A9C0-522A10357F32}.AppStore|iPhone.ActiveCfg = AppStore|iPhone
		{38F7D2E7-8B9C-4055-A9C0-522A10357F32}.AppStore|iPhone.Build.0 = AppStore|iPhone
		{38F7D2E7-8B9C-4055-A9C0-522A10357F32}.AppStore|iPhone.Deploy.0 = AppStore|iPhone
		{38F7D2E7-8B9C-4055-A9C0-522A10357F32}.AppStore|iPhoneSimulator.ActiveCfg = AppStore|iPhoneSimulator
		{38F7D2E7-8B9C-4055-A9C0-522A10357F32}.AppStore|iPhoneSimulator.Build.0 = AppStore|iPhoneSimulator
		{38F7D2E7-8B9C-4055-A9C0-522A10357F32}.AppStore|iPhoneSimulator.Deploy.0 = AppStore|iPhoneSimulator
		{38F7D2E7-8B9C-4055-A9C0-522A10357F32}.AppStore|x64.ActiveCfg = AppStore|iPhone
		{38F7D2E7-8B9C-4055-A9C0-522A10357F32}.AppStore|x64.Build.0 = AppStore|iPhone
		{38F7D2E7-8B9C-4055-A9C0-522A10357F32}.AppStore|x64.Deploy.0 = AppStore|iPhone
		{38F7D2E7-8B9C-4055-A9C0-522A10357F32}.AppStore|x86.ActiveCfg = AppStore|iPhone
		{38F7D2E7-8B9C-4055-A9C0-522A10357F32}.AppStore|x86.Build.0 = AppStore|iPhone
		{38F7D2E7-8B9C-4055-A9C0-522A10357F32}.AppStore|x86.Deploy.0 = AppStore|iPhone
		{38F7D2E7-8B9C-4055-A9C0-522A10357F32}.Debug|Any CPU.ActiveCfg = Debug|iPhoneSimulator
		{38F7D2E7-8B9C-4055-A9C0-522A10357F32}.Debug|Any CPU.Build.0 = Debug|iPhoneSimulator
		{38F7D2E7-8B9C-4055-A9C0-522A10357F32}.Debug|Any CPU.Deploy.0 = Debug|iPhoneSimulator
		{38F7D2E7-8B9C-4055-A9C0-522A10357F32}.Debug|ARM.ActiveCfg = Debug|iPhone
		{38F7D2E7-8B9C-4055-A9C0-522A10357F32}.Debug|ARM.Build.0 = Debug|iPhone
		{38F7D2E7-8B9C-4055-A9C0-522A10357F32}.Debug|ARM.Deploy.0 = Debug|iPhone
		{38F7D2E7-8B9C-4055-A9C0-522A10357F32}.Debug|iPhone.ActiveCfg = Debug|iPhone
		{38F7D2E7-8B9C-4055-A9C0-522A10357F32}.Debug|iPhone.Build.0 = Debug|iPhone
		{38F7D2E7-8B9C-4055-A9C0-522A10357F32}.Debug|iPhone.Deploy.0 = Debug|iPhone
		{38F7D2E7-8B9C-4055-A9C0-522A10357F32}.Debug|iPhoneSimulator.ActiveCfg = Debug|iPhoneSimulator
		{38F7D2E7-8B9C-4055-A9C0-522A10357F32}.Debug|iPhoneSimulator.Build.0 = Debug|iPhoneSimulator
		{38F7D2E7-8B9C-4055-A9C0-522A10357F32}.Debug|iPhoneSimulator.Deploy.0 = Debug|iPhoneSimulator
		{38F7D2E7-8B9C-4055-A9C0-522A10357F32}.Debug|x64.ActiveCfg = Debug|iPhone
		{38F7D2E7-8B9C-4055-A9C0-522A10357F32}.Debug|x64.Build.0 = Debug|iPhone
		{38F7D2E7-8B9C-4055-A9C0-522A10357F32}.Debug|x64.Deploy.0 = Debug|iPhone
		{38F7D2E7-8B9C-4055-A9C0-522A10357F32}.Debug|x86.ActiveCfg = Debug|iPhone
		{38F7D2E7-8B9C-4055-A9C0-522A10357F32}.Debug|x86.Build.0 = Debug|iPhone
		{38F7D2E7-8B9C-4055-A9C0-522A10357F32}.Debug|x86.Deploy.0 = Debug|iPhone
		{38F7D2E7-8B9C-4055-A9C0-522A10357F32}.Release|Any CPU.ActiveCfg = Release|iPhone
		{38F7D2E7-8B9C-4055-A9C0-522A10357F32}.Release|Any CPU.Build.0 = Release|iPhone
		{38F7D2E7-8B9C-4055-A9C0-522A10357F32}.Release|Any CPU.Deploy.0 = Release|iPhone
		{38F7D2E7-8B9C-4055-A9C0-522A10357F32}.Release|ARM.ActiveCfg = Release|iPhone
		{38F7D2E7-8B9C-4055-A9C0-522A10357F32}.Release|ARM.Build.0 = Release|iPhone
		{38F7D2E7-8B9C-4055-A9C0-522A10357F32}.Release|ARM.Deploy.0 = Release|iPhone
		{38F7D2E7-8B9C-4055-A9C0-522A10357F32}.Release|iPhone.ActiveCfg = Release|iPhone
		{38F7D2E7-8B9C-4055-A9C0-522A10357F32}.Release|iPhone.Build.0 = Release|iPhone
		{38F7D2E7-8B9C-4055-A9C0-522A10357F32}.Release|iPhone.Deploy.0 = Release|iPhone
		{38F7D2E7-8B9C-4055-A9C0-522A10357F32}.Release|iPhoneSimulator.ActiveCfg = Release|iPhoneSimulator
		{38F7D2E7-8B9C-4055-A9C0-522A10357F32}.Release|iPhoneSimulator.Build.0 = Release|iPhoneSimulator
		{38F7D2E7-8B9C-4055-A9C0-522A10357F32}.Release|iPhoneSimulator.Deploy.0 = Release|iPhoneSimulator
		{38F7D2E7-8B9C-4055-A9C0-522A10357F32}.Release|x64.ActiveCfg = Release|iPhone
		{38F7D2E7-8B9C-4055-A9C0-522A10357F32}.Release|x64.Build.0 = Release|iPhone
		{38F7D2E7-8B9C-4055-A9C0-522A10357F32}.Release|x64.Deploy.0 = Release|iPhone
		{38F7D2E7-8B9C-4055-A9C0-522A10357F32}.Release|x86.ActiveCfg = Release|iPhone
		{38F7D2E7-8B9C-4055-A9C0-522A10357F32}.Release|x86.Build.0 = Release|iPhone
		{38F7D2E7-8B9C-4055-A9C0-522A10357F32}.Release|x86.Deploy.0 = Release|iPhone
		{E800EAA6-5D20-46FC-A874-5256910A1993}.Ad-Hoc|Any CPU.ActiveCfg = Release|x86
		{E800EAA6-5D20-46FC-A874-5256910A1993}.Ad-Hoc|Any CPU.Build.0 = Release|x86
		{E800EAA6-5D20-46FC-A874-5256910A1993}.Ad-Hoc|Any CPU.Deploy.0 = Release|x86
		{E800EAA6-5D20-46FC-A874-5256910A1993}.Ad-Hoc|ARM.ActiveCfg = Release|ARM
		{E800EAA6-5D20-46FC-A874-5256910A1993}.Ad-Hoc|ARM.Build.0 = Release|ARM
		{E800EAA6-5D20-46FC-A874-5256910A1993}.Ad-Hoc|ARM.Deploy.0 = Release|ARM
		{E800EAA6-5D20-46FC-A874-5256910A1993}.Ad-Hoc|iPhone.ActiveCfg = Release|x86
		{E800EAA6-5D20-46FC-A874-5256910A1993}.Ad-Hoc|iPhone.Build.0 = Release|x86
		{E800EAA6-5D20-46FC-A874-5256910A1993}.Ad-Hoc|iPhone.Deploy.0 = Release|x86
		{E800EAA6-5D20-46FC-A874-5256910A1993}.Ad-Hoc|iPhoneSimulator.ActiveCfg = Release|x86
		{E800EAA6-5D20-46FC-A874-5256910A1993}.Ad-Hoc|iPhoneSimulator.Build.0 = Release|x86
		{E800EAA6-5D20-46FC-A874-5256910A1993}.Ad-Hoc|iPhoneSimulator.Deploy.0 = Release|x86
		{E800EAA6-5D20-46FC-A874-5256910A1993}.Ad-Hoc|x64.ActiveCfg = Release|x64
		{E800EAA6-5D20-46FC-A874-5256910A1993}.Ad-Hoc|x64.Build.0 = Release|x64
		{E800EAA6-5D20-46FC-A874-5256910A1993}.Ad-Hoc|x64.Deploy.0 = Release|x64
		{E800EAA6-5D20-46FC-A874-5256910A1993}.Ad-Hoc|x86.ActiveCfg = Release|x86
		{E800EAA6-5D20-46FC-A874-5256910A1993}.Ad-Hoc|x86.Build.0 = Release|x86
		{E800EAA6-5D20-46FC-A874-5256910A1993}.Ad-Hoc|x86.Deploy.0 = Release|x86
		{E800EAA6-5D20-46FC-A874-5256910A1993}.AppStore|Any CPU.ActiveCfg = Release|x86
		{E800EAA6-5D20-46FC-A874-5256910A1993}.AppStore|Any CPU.Build.0 = Release|x86
		{E800EAA6-5D20-46FC-A874-5256910A1993}.AppStore|Any CPU.Deploy.0 = Release|x86
		{E800EAA6-5D20-46FC-A874-5256910A1993}.AppStore|ARM.ActiveCfg = Release|ARM
		{E800EAA6-5D20-46FC-A874-5256910A1993}.AppStore|ARM.Build.0 = Release|ARM
		{E800EAA6-5D20-46FC-A874-5256910A1993}.AppStore|ARM.Deploy.0 = Release|ARM
		{E800EAA6-5D20-46FC-A874-5256910A1993}.AppStore|iPhone.ActiveCfg = Release|x86
		{E800EAA6-5D20-46FC-A874-5256910A1993}.AppStore|iPhone.Build.0 = Release|x86
		{E800EAA6-5D20-46FC-A874-5256910A1993}.AppStore|iPhone.Deploy.0 = Release|x86
		{E800EAA6-5D20-46FC-A874-5256910A1993}.AppStore|iPhoneSimulator.ActiveCfg = Release|x86
		{E800EAA6-5D20-46FC-A874-5256910A1993}.AppStore|iPhoneSimulator.Build.0 = Release|x86
		{E800EAA6-5D20-46FC-A874-5256910A1993}.AppStore|iPhoneSimulator.Deploy.0 = Release|x86
		{E800EAA6-5D20-46FC-A874-5256910A1993}.AppStore|x64.ActiveCfg = Release|x64
		{E800EAA6-5D20-46FC-A874-5256910A1993}.AppStore|x64.Build.0 = Release|x64
		{E800EAA6-5D20-46FC-A874-5256910A1993}.AppStore|x64.Deploy.0 = Release|x64
		{E800EAA6-5D20-46FC-A874-5256910A1993}.AppStore|x86.ActiveCfg = Release|x86
		{E800EAA6-5D20-46FC-A874-5256910A1993}.AppStore|x86.Build.0 = Release|x86
		{E800EAA6-5D20-46FC-A874-5256910A1993}.AppStore|x86.Deploy.0 = Release|x86
		{E800EAA6-5D20-46FC-A874-5256910A1993}.Debug|Any CPU.ActiveCfg = Debug|x86
		{E800EAA6-5D20-46FC-A874-5256910A1993}.Debug|Any CPU.Build.0 = Debug|x86
		{E800EAA6-5D20-46FC-A874-5256910A1993}.Debug|Any CPU.Deploy.0 = Debug|x86
		{E800EAA6-5D20-46FC-A874-5256910A1993}.Debug|ARM.ActiveCfg = Debug|ARM
		{E800EAA6-5D20-46FC-A874-5256910A1993}.Debug|ARM.Build.0 = Debug|ARM
		{E800EAA6-5D20-46FC-A874-5256910A1993}.Debug|ARM.Deploy.0 = Debug|ARM
		{E800EAA6-5D20-46FC-A874-5256910A1993}.Debug|iPhone.ActiveCfg = Debug|x86
		{E800EAA6-5D20-46FC-A874-5256910A1993}.Debug|iPhone.Build.0 = Debug|x86
		{E800EAA6-5D20-46FC-A874-5256910A1993}.Debug|iPhone.Deploy.0 = Debug|x86
		{E800EAA6-5D20-46FC-A874-5256910A1993}.Debug|iPhoneSimulator.ActiveCfg = Debug|x86
		{E800EAA6-5D20-46FC-A874-5256910A1993}.Debug|iPhoneSimulator.Build.0 = Debug|x86
		{E800EAA6-5D20-46FC-A874-5256910A1993}.Debug|iPhoneSimulator.Deploy.0 = Debug|x86
		{E800EAA6-5D20-46FC-A874-5256910A1993}.Debug|x64.ActiveCfg = Debug|x64
		{E800EAA6-5D20-46FC-A874-5256910A1993}.Debug|x64.Build.0 = Debug|x64
		{E800EAA6-5D20-46FC-A874-5256910A1993}.Debug|x64.Deploy.0 = Debug|x64
		{E800EAA6-5D20-46FC-A874-5256910A1993}.Debug|x86.ActiveCfg = Debug|x86
		{E800EAA6-5D20-46FC-A874-5256910A1993}.Debug|x86.Build.0 = Debug|x86
		{E800EAA6-5D20-46FC-A874-5256910A1993}.Debug|x86.Deploy.0 = Debug|x86
		{E800EAA6-5D20-46FC-A874-5256910A1993}.Release|Any CPU.ActiveCfg = Release|x86
		{E800EAA6-5D20-46FC-A874-5256910A1993}.Release|Any CPU.Build.0 = Release|x86
		{E800EAA6-5D20-46FC-A874-5256910A1993}.Release|Any CPU.Deploy.0 = Release|x86
		{E800EAA6-5D20-46FC-A874-5256910A1993}.Release|ARM.ActiveCfg = Release|ARM
		{E800EAA6-5D20-46FC-A874-5256910A1993}.Release|ARM.Build.0 = Release|ARM
		{E800EAA6-5D20-46FC-A874-5256910A1993}.Release|ARM.Deploy.0 = Release|ARM
		{E800EAA6-5D20-46FC-A874-5256910A1993}.Release|iPhone.ActiveCfg = Release|x86
		{E800EAA6-5D20-46FC-A874-5256910A1993}.Release|iPhone.Build.0 = Release|x86
		{E800EAA6-5D20-46FC-A874-5256910A1993}.Release|iPhone.Deploy.0 = Release|x86
		{E800EAA6-5D20-46FC-A874-5256910A1993}.Release|iPhoneSimulator.ActiveCfg = Release|x86
		{E800EAA6-5D20-46FC-A874-5256910A1993}.Release|iPhoneSimulator.Build.0 = Release|x86
		{E800EAA6-5D20-46FC-A874-5256910A1993}.Release|iPhoneSimulator.Deploy.0 = Release|x86
		{E800EAA6-5D20-46FC-A874-5256910A1993}.Release|x64.ActiveCfg = Release|x64
		{E800EAA6-5D20-46FC-A874-5256910A1993}.Release|x64.Build.0 = Release|x64
		{E800EAA6-5D20-46FC-A874-5256910A1993}.Release|x64.Deploy.0 = Release|x64
		{E800EAA6-5D20-46FC-A874-5256910A1993}.Release|x86.ActiveCfg = Release|x86
		{E800EAA6-5D20-46FC-A874-5256910A1993}.Release|x86.Build.0 = Release|x86
		{E800EAA6-5D20-46FC-A874-5256910A1993}.Release|x86.Deploy.0 = Release|x86
		{C88FA7A2-2EF0-47B6-8C65-FF8298B7FDAB}.Ad-Hoc|Any CPU.ActiveCfg = Debug|Any CPU
		{C88FA7A2-2EF0-47B6-8C65-FF8298B7FDAB}.Ad-Hoc|Any CPU.Build.0 = Debug|Any CPU
		{C88FA7A2-2EF0-47B6-8C65-FF8298B7FDAB}.Ad-Hoc|Any CPU.Deploy.0 = Debug|Any CPU
		{C88FA7A2-2EF0-47B6-8C65-FF8298B7FDAB}.Ad-Hoc|ARM.ActiveCfg = Debug|Any CPU
		{C88FA7A2-2EF0-47B6-8C65-FF8298B7FDAB}.Ad-Hoc|ARM.Build.0 = Debug|Any CPU
		{C88FA7A2-2EF0-47B6-8C65-FF8298B7FDAB}.Ad-Hoc|ARM.Deploy.0 = Debug|Any CPU
		{C88FA7A2-2EF0-47B6-8C65-FF8298B7FDAB}.Ad-Hoc|iPhone.ActiveCfg = Debug|Any CPU
		{C88FA7A2-2EF0-47B6-8C65-FF8298B7FDAB}.Ad-Hoc|iPhone.Build.0 = Debug|Any CPU
		{C88FA7A2-2EF0-47B6-8C65-FF8298B7FDAB}.Ad-Hoc|iPhone.Deploy.0 = Debug|Any CPU
		{C88FA7A2-2EF0-47B6-8C65-FF8298B7FDAB}.Ad-Hoc|iPhoneSimulator.ActiveCfg = Debug|Any CPU
		{C88FA7A2-2EF0-47B6-8C65-FF8298B7FDAB}.Ad-Hoc|iPhoneSimulator.Build.0 = Debug|Any CPU
		{C88FA7A2-2EF0-47B6-8C65-FF8298B7FDAB}.Ad-Hoc|iPhoneSimulator.Deploy.0 = Debug|Any CPU
		{C88FA7A2-2EF0-47B6-8C65-FF8298B7FDAB}.Ad-Hoc|x64.ActiveCfg = Debug|Any CPU
		{C88FA7A2-2EF0-47B6-8C65-FF8298B7FDAB}.Ad-Hoc|x64.Build.0 = Debug|Any CPU
		{C88FA7A2-2EF0-47B6-8C65-FF8298B7FDAB}.Ad-Hoc|x64.Deploy.0 = Debug|Any CPU
		{C88FA7A2-2EF0-47B6-8C65-FF8298B7FDAB}.Ad-Hoc|x86.ActiveCfg = Debug|Any CPU
		{C88FA7A2-2EF0-47B6-8C65-FF8298B7FDAB}.Ad-Hoc|x86.Build.0 = Debug|Any CPU
		{C88FA7A2-2EF0-47B6-8C65-FF8298B7FDAB}.Ad-Hoc|x86.Deploy.0 = Debug|Any CPU
		{C88FA7A2-2EF0-47B6-8C65-FF8298B7FDAB}.AppStore|Any CPU.ActiveCfg = Debug|Any CPU
		{C88FA7A2-2EF0-47B6-8C65-FF8298B7FDAB}.AppStore|Any CPU.Build.0 = Debug|Any CPU
		{C88FA7A2-2EF0-47B6-8C65-FF8298B7FDAB}.AppStore|Any CPU.Deploy.0 = Debug|Any CPU
		{C88FA7A2-2EF0-47B6-8C65-FF8298B7FDAB}.AppStore|ARM.ActiveCfg = Debug|Any CPU
		{C88FA7A2-2EF0-47B6-8C65-FF8298B7FDAB}.AppStore|ARM.Build.0 = Debug|Any CPU
		{C88FA7A2-2EF0-47B6-8C65-FF8298B7FDAB}.AppStore|ARM.Deploy.0 = Debug|Any CPU
		{C88FA7A2-2EF0-47B6-8C65-FF8298B7FDAB}.AppStore|iPhone.ActiveCfg = Debug|Any CPU
		{C88FA7A2-2EF0-47B6-8C65-FF8298B7FDAB}.AppStore|iPhone.Build.0 = Debug|Any CPU
		{C88FA7A2-2EF0-47B6-8C65-FF8298B7FDAB}.AppStore|iPhone.Deploy.0 = Debug|Any CPU
		{C88FA7A2-2EF0-47B6-8C65-FF8298B7FDAB}.AppStore|iPhoneSimulator.ActiveCfg = Debug|Any CPU
		{C88FA7A2-2EF0-47B6-8C65-FF8298B7FDAB}.AppStore|iPhoneSimulator.Build.0 = Debug|Any CPU
		{C88FA7A2-2EF0-47B6-8C65-FF8298B7FDAB}.AppStore|iPhoneSimulator.Deploy.0 = Debug|Any CPU
		{C88FA7A2-2EF0-47B6-8C65-FF8298B7FDAB}.AppStore|x64.ActiveCfg = Debug|Any CPU
		{C88FA7A2-2EF0-47B6-8C65-FF8298B7FDAB}.AppStore|x64.Build.0 = Debug|Any CPU
		{C88FA7A2-2EF0-47B6-8C65-FF8298B7FDAB}.AppStore|x64.Deploy.0 = Debug|Any CPU
		{C88FA7A2-2EF0-47B6-8C65-FF8298B7FDAB}.AppStore|x86.ActiveCfg = Debug|Any CPU
		{C88FA7A2-2EF0-47B6-8C65-FF8298B7FDAB}.AppStore|x86.Build.0 = Debug|Any CPU
		{C88FA7A2-2EF0-47B6-8C65-FF8298B7FDAB}.AppStore|x86.Deploy.0 = Debug|Any CPU
		{C88FA7A2-2EF0-47B6-8C65-FF8298B7FDAB}.Debug|Any CPU.ActiveCfg = Debug|Any CPU
		{C88FA7A2-2EF0-47B6-8C65-FF8298B7FDAB}.Debug|Any CPU.Build.0 = Debug|Any CPU
		{C88FA7A2-2EF0-47B6-8C65-FF8298B7FDAB}.Debug|Any CPU.Deploy.0 = Debug|Any CPU
		{C88FA7A2-2EF0-47B6-8C65-FF8298B7FDAB}.Debug|ARM.ActiveCfg = Debug|Any CPU
		{C88FA7A2-2EF0-47B6-8C65-FF8298B7FDAB}.Debug|ARM.Build.0 = Debug|Any CPU
		{C88FA7A2-2EF0-47B6-8C65-FF8298B7FDAB}.Debug|ARM.Deploy.0 = Debug|Any CPU
		{C88FA7A2-2EF0-47B6-8C65-FF8298B7FDAB}.Debug|iPhone.ActiveCfg = Debug|Any CPU
		{C88FA7A2-2EF0-47B6-8C65-FF8298B7FDAB}.Debug|iPhone.Build.0 = Debug|Any CPU
		{C88FA7A2-2EF0-47B6-8C65-FF8298B7FDAB}.Debug|iPhone.Deploy.0 = Debug|Any CPU
		{C88FA7A2-2EF0-47B6-8C65-FF8298B7FDAB}.Debug|iPhoneSimulator.ActiveCfg = Debug|Any CPU
		{C88FA7A2-2EF0-47B6-8C65-FF8298B7FDAB}.Debug|iPhoneSimulator.Build.0 = Debug|Any CPU
		{C88FA7A2-2EF0-47B6-8C65-FF8298B7FDAB}.Debug|iPhoneSimulator.Deploy.0 = Debug|Any CPU
		{C88FA7A2-2EF0-47B6-8C65-FF8298B7FDAB}.Debug|x64.ActiveCfg = Debug|Any CPU
		{C88FA7A2-2EF0-47B6-8C65-FF8298B7FDAB}.Debug|x64.Build.0 = Debug|Any CPU
		{C88FA7A2-2EF0-47B6-8C65-FF8298B7FDAB}.Debug|x64.Deploy.0 = Debug|Any CPU
		{C88FA7A2-2EF0-47B6-8C65-FF8298B7FDAB}.Debug|x86.ActiveCfg = Debug|Any CPU
		{C88FA7A2-2EF0-47B6-8C65-FF8298B7FDAB}.Debug|x86.Build.0 = Debug|Any CPU
		{C88FA7A2-2EF0-47B6-8C65-FF8298B7FDAB}.Debug|x86.Deploy.0 = Debug|Any CPU
		{C88FA7A2-2EF0-47B6-8C65-FF8298B7FDAB}.Release|Any CPU.ActiveCfg = Release|Any CPU
		{C88FA7A2-2EF0-47B6-8C65-FF8298B7FDAB}.Release|Any CPU.Build.0 = Release|Any CPU
		{C88FA7A2-2EF0-47B6-8C65-FF8298B7FDAB}.Release|Any CPU.Deploy.0 = Release|Any CPU
		{C88FA7A2-2EF0-47B6-8C65-FF8298B7FDAB}.Release|ARM.ActiveCfg = Release|Any CPU
		{C88FA7A2-2EF0-47B6-8C65-FF8298B7FDAB}.Release|ARM.Build.0 = Release|Any CPU
		{C88FA7A2-2EF0-47B6-8C65-FF8298B7FDAB}.Release|ARM.Deploy.0 = Release|Any CPU
		{C88FA7A2-2EF0-47B6-8C65-FF8298B7FDAB}.Release|iPhone.ActiveCfg = Release|Any CPU
		{C88FA7A2-2EF0-47B6-8C65-FF8298B7FDAB}.Release|iPhone.Build.0 = Release|Any CPU
		{C88FA7A2-2EF0-47B6-8C65-FF8298B7FDAB}.Release|iPhone.Deploy.0 = Release|Any CPU
		{C88FA7A2-2EF0-47B6-8C65-FF8298B7FDAB}.Release|iPhoneSimulator.ActiveCfg = Release|Any CPU
		{C88FA7A2-2EF0-47B6-8C65-FF8298B7FDAB}.Release|iPhoneSimulator.Build.0 = Release|Any CPU
		{C88FA7A2-2EF0-47B6-8C65-FF8298B7FDAB}.Release|iPhoneSimulator.Deploy.0 = Release|Any CPU
		{C88FA7A2-2EF0-47B6-8C65-FF8298B7FDAB}.Release|x64.ActiveCfg = Release|Any CPU
		{C88FA7A2-2EF0-47B6-8C65-FF8298B7FDAB}.Release|x64.Build.0 = Release|Any CPU
		{C88FA7A2-2EF0-47B6-8C65-FF8298B7FDAB}.Release|x64.Deploy.0 = Release|Any CPU
		{C88FA7A2-2EF0-47B6-8C65-FF8298B7FDAB}.Release|x86.ActiveCfg = Release|Any CPU
		{C88FA7A2-2EF0-47B6-8C65-FF8298B7FDAB}.Release|x86.Build.0 = Release|Any CPU
		{C88FA7A2-2EF0-47B6-8C65-FF8298B7FDAB}.Release|x86.Deploy.0 = Release|Any CPU
	EndGlobalSection
	GlobalSection(SolutionProperties) = preSolution
		HideSolutionNode = FALSE
	EndGlobalSection
	GlobalSection(ExtensibilityGlobals) = postSolution
		SolutionGuid = {A5EB083D-6D6F-4CFF-8202-81B31CDD3EDE}
	EndGlobalSection
EndGlobal
